
Microsoft Visual Studio Solution File, Format Version 12.00
# Visual Studio Version 16
VisualStudioVersion = 16.0.30114.105
MinimumVisualStudioVersion = 10.0.40219.1
Project("{FAE04EC0-301F-11D3-BF4B-00C04F79EFBC}") = "API", "API\API.csproj", "{3B9560C8-78D7-4B1B-9F2C-736B3CDAACA8}"
EndProject
Project("{FAE04EC0-301F-11D3-BF4B-00C04F79EFBC}") = "Core", "Core\Core.csproj", "{E8F9B78F-1416-43D2-B5BC-1986999E1853}"
EndProject
Project("{FAE04EC0-301F-11D3-BF4B-00C04F79EFBC}") = "Infrastructure", "Infrastructure\Infrastructure.csproj", "{00F86CB1-20B7-4F7D-8B05-2EFCFE29F9AE}"
EndProject
Global
	GlobalSection(SolutionConfigurationPlatforms) = preSolution
		Debug|Any CPU = Debug|Any CPU
		Release|Any CPU = Release|Any CPU
	EndGlobalSection
	GlobalSection(SolutionProperties) = preSolution
		HideSolutionNode = FALSE
	EndGlobalSection
	GlobalSection(ProjectConfigurationPlatforms) = postSolution
		{3B9560C8-78D7-4B1B-9F2C-736B3CDAACA8}.Debug|Any CPU.ActiveCfg = Debug|Any CPU
		{3B9560C8-78D7-4B1B-9F2C-736B3CDAACA8}.Debug|Any CPU.Build.0 = Debug|Any CPU
		{3B9560C8-78D7-4B1B-9F2C-736B3CDAACA8}.Release|Any CPU.ActiveCfg = Release|Any CPU
		{3B9560C8-78D7-4B1B-9F2C-736B3CDAACA8}.Release|Any CPU.Build.0 = Release|Any CPU
		{E8F9B78F-1416-43D2-B5BC-1986999E1853}.Debug|Any CPU.ActiveCfg = Debug|Any CPU
		{E8F9B78F-1416-43D2-B5BC-1986999E1853}.Debug|Any CPU.Build.0 = Debug|Any CPU
		{E8F9B78F-1416-43D2-B5BC-1986999E1853}.Release|Any CPU.ActiveCfg = Release|Any CPU
		{E8F9B78F-1416-43D2-B5BC-1986999E1853}.Release|Any CPU.Build.0 = Release|Any CPU
		{00F86CB1-20B7-4F7D-8B05-2EFCFE29F9AE}.Debug|Any CPU.ActiveCfg = Debug|Any CPU
		{00F86CB1-20B7-4F7D-8B05-2EFCFE29F9AE}.Debug|Any CPU.Build.0 = Debug|Any CPU
		{00F86CB1-20B7-4F7D-8B05-2EFCFE29F9AE}.Release|Any CPU.ActiveCfg = Release|Any CPU
		{00F86CB1-20B7-4F7D-8B05-2EFCFE29F9AE}.Release|Any CPU.Build.0 = Release|Any CPU
	EndGlobalSection
EndGlobal
